# THIS IS AN AUTOGENERATED FILE. DO NOT EDIT THIS FILE DIRECTLY.
# yarn lockfile v1


husky@^9.1.5:
  version "9.1.5"
  resolved "https://registry.yarnpkg.com/husky/-/husky-9.1.5.tgz#2b6edede53ee1adbbd3a3da490628a23f5243b83"
  integrity sha512-rowAVRUBfI0b4+niA4SJMhfQwc107VLkBUgEYYAOQAbqDCnra1nYh83hF/MDmhYs9t9n1E3DuKOrs2LYNC+0Ag==
